PODS:
  - IQKeyboardManagerSwift (6.5.5)

DEPENDENCIES:
  - IQKeyboardManagerSwift

SPEC REPOS:
  trunk:
    - IQKeyboardManagerSwift

SPEC CHECKSUMS:
  IQKeyboardManagerSwift: 0fb93310284665245591f50f7a5e38de615960b7

PODFILE CHECKSUM: 926be2d6909594a14f8707027ad8a4dd1b2573be

COCOAPODS: 1.9.0.beta.2
