// !$*UTF8*$!
{
	archiveVersion = 1;
	classes = {
	};
	objectVersion = 50;
	objects = {

/* Begin PBXBuildFile section */
		A27D3DCB2448C5570035EF01 /* AppDelegate.swift in Sources */ = {isa = PBXBuildFile; fileRef = A27D3DCA2448C5570035EF01 /* AppDelegate.swift */; };
		A27D3DCD2448C5570035EF01 /* SceneDelegate.swift in Sources */ = {isa = PBXBuildFile; fileRef = A27D3DCC2448C5570035EF01 /* SceneDelegate.swift */; };
		A27D3DCF2448C5570035EF01 /* ViewController.swift in Sources */ = {isa = PBXBuildFile; fileRef = A27D3DCE2448C5570035EF01 /* ViewController.swift */; };
		A27D3DD22448C5570035EF01 /* Main.storyboard in Resources */ = {isa = PBXBuildFile; fileRef = A27D3DD02448C5570035EF01 /* Main.storyboard */; };
		A27D3DD42448C55C0035EF01 /* Assets.xcassets in Resources */ = {isa = PBXBuildFile; fileRef = A27D3DD32448C55C0035EF01 /* Assets.xcassets */; };
		A27D3DD72448C55C0035EF01 /* LaunchScreen.storyboard in Resources */ = {isa = PBXBuildFile; fileRef = A27D3DD52448C55C0035EF01 /* LaunchScreen.storyboard */; };
		A27D3DE22448C55C0035EF01 /* TestTableViewTests.swift in Sources */ = {isa = PBXBuildFile; fileRef = A27D3DE12448C55C0035EF01 /* TestTableViewTests.swift */; };
		A27D3DED2448C55C0035EF01 /* TestTableViewUITests.swift in Sources */ = {isa = PBXBuildFile; fileRef = A27D3DEC2448C55C0035EF01 /* TestTableViewUITests.swift */; };
		A27D3DFB2448C8330035EF01 /* Reply.swift in Sources */ = {isa = PBXBuildFile; fileRef = A27D3DFA2448C8330035EF01 /* Reply.swift */; };
		A27D3DFD2448D3040035EF01 /* ReplyCell.swift in Sources */ = {isa = PBXBuildFile; fileRef = A27D3DFC2448D3040035EF01 /* ReplyCell.swift */; };
		A27D3DFF2448DC320035EF01 /* ReplyTableView.swift in Sources */ = {isa = PBXBuildFile; fileRef = A27D3DFE2448DC320035EF01 /* ReplyTableView.swift */; };
		A27D3E012449376D0035EF01 /* Constants.swift in Sources */ = {isa = PBXBuildFile; fileRef = A27D3E002449376D0035EF01 /* Constants.swift */; };
/* End PBXBuildFile section */

/* Begin PBXContainerItemProxy section */
		A27D3DDE2448C55C0035EF01 /* PBXContainerItemProxy */ = {
			isa = PBXContainerItemProxy;
			containerPortal = A27D3DBF2448C5560035EF01 /* Project object */;
			proxyType = 1;
			remoteGlobalIDString = A27D3DC62448C5560035EF01;
			remoteInfo = TestTableView;
		};
		A27D3DE92448C55C0035EF01 /* PBXContainerItemProxy */ = {
			isa = PBXContainerItemProxy;
			containerPortal = A27D3DBF2448C5560035EF01 /* Project object */;
			proxyType = 1;
			remoteGlobalIDString = A27D3DC62448C5560035EF01;
			remoteInfo = TestTableView;
		};
/* End PBXContainerItemProxy section */

/* Begin PBXFileReference section */
		A27D3DC72448C5560035EF01 /* TestTableView.app */ = {isa = PBXFileReference; explicitFileType = wrapper.application; includeInIndex = 0; path = TestTableView.app; sourceTree = BUILT_PRODUCTS_DIR; };
		A27D3DCA2448C5570035EF01 /* AppDelegate.swift */ = {isa = PBXFileReference; lastKnownFileType = sourcecode.swift; path = AppDelegate.swift; sourceTree = "<group>"; };
		A27D3DCC2448C5570035EF01 /* SceneDelegate.swift */ = {isa = PBXFileReference; lastKnownFileType = sourcecode.swift; path = SceneDelegate.swift; sourceTree = "<group>"; };
		A27D3DCE2448C5570035EF01 /* ViewController.swift */ = {isa = PBXFileReference; lastKnownFileType = sourcecode.swift; path = ViewController.swift; sourceTree = "<group>"; };
		A27D3DD12448C5570035EF01 /* Base */ = {isa = PBXFileReference; lastKnownFileType = file.storyboard; name = Base; path = Base.lproj/Main.storyboard; sourceTree = "<group>"; };
		A27D3DD32448C55C0035EF01 /* Assets.xcassets */ = {isa = PBXFileReference; lastKnownFileType = folder.assetcatalog; path = Assets.xcassets; sourceTree = "<group>"; };
		A27D3DD62448C55C0035EF01 /* Base */ = {isa = PBXFileReference; lastKnownFileType = file.storyboard; name = Base; path = Base.lproj/LaunchScreen.storyboard; sourceTree = "<group>"; };
		A27D3DD82448C55C0035EF01 /* Info.plist */ = {isa = PBXFileReference; lastKnownFileType = text.plist.xml; path = Info.plist; sourceTree = "<group>"; };
		A27D3DDD2448C55C0035EF01 /* TestTableViewTests.xctest */ = {isa = PBXFileReference; explicitFileType = wrapper.cfbundle; includeInIndex = 0; path = TestTableViewTests.xctest; sourceTree = BUILT_PRODUCTS_DIR; };
		A27D3DE12448C55C0035EF01 /* TestTableViewTests.swift */ = {isa = PBXFileReference; lastKnownFileType = sourcecode.swift; path = TestTableViewTests.swift; sourceTree = "<group>"; };
		A27D3DE32448C55C0035EF01 /* Info.plist */ = {isa = PBXFileReference; lastKnownFileType = text.plist.xml; path = Info.plist; sourceTree = "<group>"; };
		A27D3DE82448C55C0035EF01 /* TestTableViewUITests.xctest */ = {isa = PBXFileReference; explicitFileType = wrapper.cfbundle; includeInIndex = 0; path = TestTableViewUITests.xctest; sourceTree = BUILT_PRODUCTS_DIR; };
		A27D3DEC2448C55C0035EF01 /* TestTableViewUITests.swift */ = {isa = PBXFileReference; lastKnownFileType = sourcecode.swift; path = TestTableViewUITests.swift; sourceTree = "<group>"; };
		A27D3DEE2448C55C0035EF01 /* Info.plist */ = {isa = PBXFileReference; lastKnownFileType = text.plist.xml; path = Info.plist; sourceTree = "<group>"; };
		A27D3DFA2448C8330035EF01 /* Reply.swift */ = {isa = PBXFileReference; lastKnownFileType = sourcecode.swift; path = Reply.swift; sourceTree = "<group>"; };
		A27D3DFC2448D3040035EF01 /* ReplyCell.swift */ = {isa = PBXFileReference; lastKnownFileType = sourcecode.swift; path = ReplyCell.swift; sourceTree = "<group>"; };
		A27D3DFE2448DC320035EF01 /* ReplyTableView.swift */ = {isa = PBXFileReference; lastKnownFileType = sourcecode.swift; path = ReplyTableView.swift; sourceTree = "<group>"; };
		A27D3E002449376D0035EF01 /* Constants.swift */ = {isa = PBXFileReference; lastKnownFileType = sourcecode.swift; path = Constants.swift; sourceTree = "<group>"; };
/* End PBXFileReference section */

/* Begin PBXFrameworksBuildPhase section */
		A27D3DC42448C5560035EF01 /* Frameworks */ = {
			isa = PBXFrameworksBuildPhase;
			buildActionMask = 2147483647;
			files = (
			);
			runOnlyForDeploymentPostprocessing = 0;
		};
		A27D3DDA2448C55C0035EF01 /* Frameworks */ = {
			isa = PBXFrameworksBuildPhase;
			buildActionMask = 2147483647;
			files = (
			);
			runOnlyForDeploymentPostprocessing = 0;
		};
		A27D3DE52448C55C0035EF01 /* Frameworks */ = {
			isa = PBXFrameworksBuildPhase;
			buildActionMask = 2147483647;
			files = (
			);
			runOnlyForDeploymentPostprocessing = 0;
		};
/* End PBXFrameworksBuildPhase section */

/* Begin PBXGroup section */
		A27D3DBE2448C5560035EF01 = {
			isa = PBXGroup;
			children = (
				A27D3DC92448C5560035EF01 /* TestTableView */,
				A27D3DE02448C55C0035EF01 /* TestTableViewTests */,
				A27D3DEB2448C55C0035EF01 /* TestTableViewUITests */,
				A27D3DC82448C5560035EF01 /* Products */,
			);
			sourceTree = "<group>";
		};
		A27D3DC82448C5560035EF01 /* Products */ = {
			isa = PBXGroup;
			children = (
				A27D3DC72448C5560035EF01 /* TestTableView.app */,
				A27D3DDD2448C55C0035EF01 /* TestTableViewTests.xctest */,
				A27D3DE82448C55C0035EF01 /* TestTableViewUITests.xctest */,
			);
			name = Products;
			sourceTree = "<group>";
		};
		A27D3DC92448C5560035EF01 /* TestTableView */ = {
			isa = PBXGroup;
			children = (
				A27D3DCA2448C5570035EF01 /* AppDelegate.swift */,
				A27D3DCC2448C5570035EF01 /* SceneDelegate.swift */,
				A27D3DCE2448C5570035EF01 /* ViewController.swift */,
				A27D3DD02448C5570035EF01 /* Main.storyboard */,
				A27D3DD32448C55C0035EF01 /* Assets.xcassets */,
				A27D3DD52448C55C0035EF01 /* LaunchScreen.storyboard */,
				A27D3DD82448C55C0035EF01 /* Info.plist */,
				A27D3DFA2448C8330035EF01 /* Reply.swift */,
				A27D3DFC2448D3040035EF01 /* ReplyCell.swift */,
				A27D3DFE2448DC320035EF01 /* ReplyTableView.swift */,
				A27D3E002449376D0035EF01 /* Constants.swift */,
			);
			path = TestTableView;
			sourceTree = "<group>";
		};
		A27D3DE02448C55C0035EF01 /* TestTableViewTests */ = {
			isa = PBXGroup;
			children = (
				A27D3DE12448C55C0035EF01 /* TestTableViewTests.swift */,
				A27D3DE32448C55C0035EF01 /* Info.plist */,
			);
			path = TestTableViewTests;
			sourceTree = "<group>";
		};
		A27D3DEB2448C55C0035EF01 /* TestTableViewUITests */ = {
			isa = PBXGroup;
			children = (
				A27D3DEC2448C55C0035EF01 /* TestTableViewUITests.swift */,
				A27D3DEE2448C55C0035EF01 /* Info.plist */,
			);
			path = TestTableViewUITests;
			sourceTree = "<group>";
		};
/* End PBXGroup section */

/* Begin PBXNativeTarget section */
		A27D3DC62448C5560035EF01 /* TestTableView */ = {
			isa = PBXNativeTarget;
			buildConfigurationList = A27D3DF12448C55C0035EF01 /* Build configuration list for PBXNativeTarget "TestTableView" */;
			buildPhases = (
				A27D3DC32448C5560035EF01 /* Sources */,
				A27D3DC42448C5560035EF01 /* Frameworks */,
				A27D3DC52448C5560035EF01 /* Resources */,
			);
			buildRules = (
			);
			dependencies = (
			);
			name = TestTableView;
			productName = TestTableView;
			productReference = A27D3DC72448C5560035EF01 /* TestTableView.app */;
			productType = "com.apple.product-type.application";
		};
		A27D3DDC2448C55C0035EF01 /* TestTableViewTests */ = {
			isa = PBXNativeTarget;
			buildConfigurationList = A27D3DF42448C55C0035EF01 /* Build configuration list for PBXNativeTarget "TestTableViewTests" */;
			buildPhases = (
				A27D3DD92448C55C0035EF01 /* Sources */,
				A27D3DDA2448C55C0035EF01 /* Frameworks */,
				A27D3DDB2448C55C0035EF01 /* Resources */,
			);
			buildRules = (
			);
			dependencies = (
				A27D3DDF2448C55C0035EF01 /* PBXTargetDependency */,
			);
			name = TestTableViewTests;
			productName = TestTableViewTests;
			productReference = A27D3DDD2448C55C0035EF01 /* TestTableViewTests.xctest */;
			productType = "com.apple.product-type.bundle.unit-test";
		};
		A27D3DE72448C55C0035EF01 /* TestTableViewUITests */ = {
			isa = PBXNativeTarget;
			buildConfigurationList = A27D3DF72448C55C0035EF01 /* Build configuration list for PBXNativeTarget "TestTableViewUITests" */;
			buildPhases = (
				A27D3DE42448C55C0035EF01 /* Sources */,
				A27D3DE52448C55C0035EF01 /* Frameworks */,
				A27D3DE62448C55C0035EF01 /* Resources */,
			);
			buildRules = (
			);
			dependencies = (
				A27D3DEA2448C55C0035EF01 /* PBXTargetDependency */,
			);
			name = TestTableViewUITests;
			productName = TestTableViewUITests;
			productReference = A27D3DE82448C55C0035EF01 /* TestTableViewUITests.xctest */;
			productType = "com.apple.product-type.bundle.ui-testing";
		};
/* End PBXNativeTarget section */

/* Begin PBXProject section */
		A27D3DBF2448C5560035EF01 /* Project object */ = {
			isa = PBXProject;
			attributes = {
				LastSwiftUpdateCheck = 1140;
				LastUpgradeCheck = 1140;
				ORGANIZATIONNAME = "Zhang Qiuhao";
				TargetAttributes = {
					A27D3DC62448C5560035EF01 = {
						CreatedOnToolsVersion = 11.4;
					};
					A27D3DDC2448C55C0035EF01 = {
						CreatedOnToolsVersion = 11.4;
						TestTargetID = A27D3DC62448C5560035EF01;
					};
					A27D3DE72448C55C0035EF01 = {
						CreatedOnToolsVersion = 11.4;
						TestTargetID = A27D3DC62448C5560035EF01;
					};
				};
			};
			buildConfigurationList = A27D3DC22448C5560035EF01 /* Build configuration list for PBXProject "TestTableView" */;
			compatibilityVersion = "Xcode 9.3";
			developmentRegion = en;
			hasScannedForEncodings = 0;
			knownRegions = (
				en,
				Base,
			);
			mainGroup = A27D3DBE2448C5560035EF01;
			productRefGroup = A27D3DC82448C5560035EF01 /* Products */;
			projectDirPath = "";
			projectRoot = "";
			targets = (
				A27D3DC62448C5560035EF01 /* TestTableView */,
				A27D3DDC2448C55C0035EF01 /* TestTableViewTests */,
				A27D3DE72448C55C0035EF01 /* TestTableViewUITests */,
			);
		};
/* End PBXProject section */

/* Begin PBXResourcesBuildPhase section */
		A27D3DC52448C5560035EF01 /* Resources */ = {
			isa = PBXResourcesBuildPhase;
			buildActionMask = 2147483647;
			files = (
				A27D3DD72448C55C0035EF01 /* LaunchScreen.storyboard in Resources */,
				A27D3DD42448C55C0035EF01 /* Assets.xcassets in Resources */,
				A27D3DD22448C5570035EF01 /* Main.storyboard in Resources */,
			);
			runOnlyForDeploymentPostprocessing = 0;
		};
		A27D3DDB2448C55C0035EF01 /* Resources */ = {
			isa = PBXResourcesBuildPhase;
			buildActionMask = 2147483647;
			files = (
			);
			runOnlyForDeploymentPostprocessing = 0;
		};
		A27D3DE62448C55C0035EF01 /* Resources */ = {
			isa = PBXResourcesBuildPhase;
			buildActionMask = 2147483647;
			files = (
			);
			runOnlyForDeploymentPostprocessing = 0;
		};
/* End PBXResourcesBuildPhase section */

/* Begin PBXSourcesBuildPhase section */
		A27D3DC32448C5560035EF01 /* Sources */ = {
			isa = PBXSourcesBuildPhase;
			buildActionMask = 2147483647;
			files = (
				A27D3DCF2448C5570035EF01 /* ViewController.swift in Sources */,
				A27D3DCB2448C5570035EF01 /* AppDelegate.swift in Sources */,
				A27D3DFD2448D3040035EF01 /* ReplyCell.swift in Sources */,
				A27D3DFB2448C8330035EF01 /* Reply.swift in Sources */,
				A27D3E012449376D0035EF01 /* Constants.swift in Sources */,
				A27D3DFF2448DC320035EF01 /* ReplyTableView.swift in Sources */,
				A27D3DCD2448C5570035EF01 /* SceneDelegate.swift in Sources */,
			);
			runOnlyForDeploymentPostprocessing = 0;
		};
		A27D3DD92448C55C0035EF01 /* Sources */ = {
			isa = PBXSourcesBuildPhase;
			buildActionMask = 2147483647;
			files = (
				A27D3DE22448C55C0035EF01 /* TestTableViewTests.swift in Sources */,
			);
			runOnlyForDeploymentPostprocessing = 0;
		};
		A27D3DE42448C55C0035EF01 /* Sources */ = {
			isa = PBXSourcesBuildPhase;
			buildActionMask = 2147483647;
			files = (
				A27D3DED2448C55C0035EF01 /* TestTableViewUITests.swift in Sources */,
			);
			runOnlyForDeploymentPostprocessing = 0;
		};
/* End PBXSourcesBuildPhase section */

/* Begin PBXTargetDependency section */
		A27D3DDF2448C55C0035EF01 /* PBXTargetDependency */ = {
			isa = PBXTargetDependency;
			target = A27D3DC62448C5560035EF01 /* TestTableView */;
			targetProxy = A27D3DDE2448C55C0035EF01 /* PBXContainerItemProxy */;
		};
		A27D3DEA2448C55C0035EF01 /* PBXTargetDependency */ = {
			isa = PBXTargetDependency;
			target = A27D3DC62448C5560035EF01 /* TestTableView */;
			targetProxy = A27D3DE92448C55C0035EF01 /* PBXContainerItemProxy */;
		};
/* End PBXTargetDependency section */

/* Begin PBXVariantGroup section */
		A27D3DD02448C5570035EF01 /* Main.storyboard */ = {
			isa = PBXVariantGroup;
			children = (
				A27D3DD12448C5570035EF01 /* Base */,
			);
			name = Main.storyboard;
			sourceTree = "<group>";
		};
		A27D3DD52448C55C0035EF01 /* LaunchScreen.storyboard */ = {
			isa = PBXVariantGroup;
			children = (
				A27D3DD62448C55C0035EF01 /* Base */,
			);
			name = LaunchScreen.storyboard;
			sourceTree = "<group>";
		};
/* End PBXVariantGroup section */

/* Begin XCBuildConfiguration section */
		A27D3DEF2448C55C0035EF01 /* Debug */ = {
			isa = XCBuildConfiguration;
			buildSettings = {
				ALWAYS_SEARCH_USER_PATHS = NO;
				CLANG_ANALYZER_NONNULL = YES;
				CLANG_ANALYZER_NUMBER_OBJECT_CONVERSION = YES_AGGRESSIVE;
				CLANG_CXX_LANGUAGE_STANDARD = "gnu++14";
				CLANG_CXX_LIBRARY = "libc++";
				CLANG_ENABLE_MODULES = YES;
				CLANG_ENABLE_OBJC_ARC = YES;
				CLANG_ENABLE_OBJC_WEAK = YES;
				CLANG_WARN_BLOCK_CAPTURE_AUTORELEASING = YES;
				CLANG_WARN_BOOL_CONVERSION = YES;
				CLANG_WARN_COMMA = YES;
				CLANG_WARN_CONSTANT_CONVERSION = YES;
				CLANG_WARN_DEPRECATED_OBJC_IMPLEMENTATIONS = YES;
				CLANG_WARN_DIRECT_OBJC_ISA_USAGE = YES_ERROR;
				CLANG_WARN_DOCUMENTATION_COMMENTS = YES;
				CLANG_WARN_EMPTY_BODY = YES;
				CLANG_WARN_ENUM_CONVERSION = YES;
				CLANG_WARN_INFINITE_RECURSION = YES;
				CLANG_WARN_INT_CONVERSION = YES;
				CLANG_WARN_NON_LITERAL_NULL_CONVERSION = YES;
				CLANG_WARN_OBJC_IMPLICIT_RETAIN_SELF = YES;
				CLANG_WARN_OBJC_LITERAL_CONVERSION = YES;
				CLANG_WARN_OBJC_ROOT_CLASS = YES_ERROR;
				CLANG_WARN_RANGE_LOOP_ANALYSIS = YES;
				CLANG_WARN_STRICT_PROTOTYPES = YES;
				CLANG_WARN_SUSPICIOUS_MOVE = YES;
				CLANG_WARN_UNGUARDED_AVAILABILITY = YES_AGGRESSIVE;
				CLANG_WARN_UNREACHABLE_CODE = YES;
				CLANG_WARN__DUPLICATE_METHOD_MATCH = YES;
				COPY_PHASE_STRIP = NO;
				DEBUG_INFORMATION_FORMAT = dwarf;
				ENABLE_STRICT_OBJC_MSGSEND = YES;
				ENABLE_TESTABILITY = YES;
				GCC_C_LANGUAGE_STANDARD = gnu11;
				GCC_DYNAMIC_NO_PIC = NO;
				GCC_NO_COMMON_BLOCKS = YES;
				GCC_OPTIMIZATION_LEVEL = 0;
				GCC_PREPROCESSOR_DEFINITIONS = (
					"DEBUG=1",
					"$(inherited)",
				);
				GCC_WARN_64_TO_32_BIT_CONVERSION = YES;
				GCC_WARN_ABOUT_RETURN_TYPE = YES_ERROR;
				GCC_WARN_UNDECLARED_SELECTOR = YES;
				GCC_WARN_UNINITIALIZED_AUTOS = YES_AGGRESSIVE;
				GCC_WARN_UNUSED_FUNCTION = YES;
				GCC_WARN_UNUSED_VARIABLE = YES;
				IPHONEOS_DEPLOYMENT_TARGET = 13.4;
				MTL_ENABLE_DEBUG_INFO = INCLUDE_SOURCE;
				MTL_FAST_MATH = YES;
				ONLY_ACTIVE_ARCH = YES;
				SDKROOT = iphoneos;
				SWIFT_ACTIVE_COMPILATION_CONDITIONS = DEBUG;
				SWIFT_OPTIMIZATION_LEVEL = "-Onone";
			};
			name = Debug;
		};
		A27D3DF02448C55C0035EF01 /* Release */ = {
			isa = XCBuildConfiguration;
			buildSettings = {
				ALWAYS_SEARCH_USER_PATHS = NO;
				CLANG_ANALYZER_NONNULL = YES;
				CLANG_ANALYZER_NUMBER_OBJECT_CONVERSION = YES_AGGRESSIVE;
				CLANG_CXX_LANGUAGE_STANDARD = "gnu++14";
				CLANG_CXX_LIBRARY = "libc++";
				CLANG_ENABLE_MODULES = YES;
				CLANG_ENABLE_OBJC_ARC = YES;
				CLANG_ENABLE_OBJC_WEAK = YES;
				CLANG_WARN_BLOCK_CAPTURE_AUTORELEASING = YES;
				CLANG_WARN_BOOL_CONVERSION = YES;
				CLANG_WARN_COMMA = YES;
				CLANG_WARN_CONSTANT_CONVERSION = YES;
				CLANG_WARN_DEPRECATED_OBJC_IMPLEMENTATIONS = YES;
				CLANG_WARN_DIRECT_OBJC_ISA_USAGE = YES_ERROR;
				CLANG_WARN_DOCUMENTATION_COMMENTS = YES;
				CLANG_WARN_EMPTY_BODY = YES;
				CLANG_WARN_ENUM_CONVERSION = YES;
				CLANG_WARN_INFINITE_RECURSION = YES;
				CLANG_WARN_INT_CONVERSION = YES;
				CLANG_WARN_NON_LITERAL_NULL_CONVERSION = YES;
				CLANG_WARN_OBJC_IMPLICIT_RETAIN_SELF = YES;
				CLANG_WARN_OBJC_LITERAL_CONVERSION = YES;
				CLANG_WARN_OBJC_ROOT_CLASS = YES_ERROR;
				CLANG_WARN_RANGE_LOOP_ANALYSIS = YES;
				CLANG_WARN_STRICT_PROTOTYPES = YES;
				CLANG_WARN_SUSPICIOUS_MOVE = YES;
				CLANG_WARN_UNGUARDED_AVAILABILITY = YES_AGGRESSIVE;
				CLANG_WARN_UNREACHABLE_CODE = YES;
				CLANG_WARN__DUPLICATE_METHOD_MATCH = YES;
				COPY_PHASE_STRIP = NO;
				DEBUG_INFORMATION_FORMAT = "dwarf-with-dsym";
				ENABLE_NS_ASSERTIONS = NO;
				ENABLE_STRICT_OBJC_MSGSEND = YES;
				GCC_C_LANGUAGE_STANDARD = gnu11;
				GCC_NO_COMMON_BLOCKS = YES;
				GCC_WARN_64_TO_32_BIT_CONVERSION = YES;
				GCC_WARN_ABOUT_RETURN_TYPE = YES_ERROR;
				GCC_WARN_UNDECLARED_SELECTOR = YES;
				GCC_WARN_UNINITIALIZED_AUTOS = YES_AGGRESSIVE;
				GCC_WARN_UNUSED_FUNCTION = YES;
				GCC_WARN_UNUSED_VARIABLE = YES;
				IPHONEOS_DEPLOYMENT_TARGET = 13.4;
				MTL_ENABLE_DEBUG_INFO = NO;
				MTL_FAST_MATH = YES;
				SDKROOT = iphoneos;
				SWIFT_COMPILATION_MODE = wholemodule;
				SWIFT_OPTIMIZATION_LEVEL = "-O";
				VALIDATE_PRODUCT = YES;
			};
			name = Release;
		};
		A27D3DF22448C55C0035EF01 /* Debug */ = {
			isa = XCBuildConfiguration;
			buildSettings = {
				ASSETCATALOG_COMPILER_APPICON_NAME = AppIcon;
				CODE_SIGN_STYLE = Automatic;
				DEVELOPMENT_TEAM = SZ2QZBVTC9;
				INFOPLIST_FILE = TestTableView/Info.plist;
				LD_RUNPATH_SEARCH_PATHS = (
					"$(inherited)",
					"@executable_path/Frameworks",
				);
				PRODUCT_BUNDLE_IDENTIFIER = com.example.zqiuhao.TestTableView;
				PRODUCT_NAME = "$(TARGET_NAME)";
				SWIFT_VERSION = 5.0;
				TARGETED_DEVICE_FAMILY = "1,2";
			};
			name = Debug;
		};
		A27D3DF32448C55C0035EF01 /* Release */ = {
			isa = XCBuildConfiguration;
			buildSettings = {
				ASSETCATALOG_COMPILER_APPICON_NAME = AppIcon;
				CODE_SIGN_STYLE = Automatic;
				DEVELOPMENT_TEAM = SZ2QZBVTC9;
				INFOPLIST_FILE = TestTableView/Info.plist;
				LD_RUNPATH_SEARCH_PATHS = (
					"$(inherited)",
					"@executable_path/Frameworks",
				);
				PRODUCT_BUNDLE_IDENTIFIER = com.example.zqiuhao.TestTableView;
				PRODUCT_NAME = "$(TARGET_NAME)";
				SWIFT_VERSION = 5.0;
				TARGETED_DEVICE_FAMILY = "1,2";
			};
			name = Release;
		};
		A27D3DF52448C55C0035EF01 /* Debug */ = {
			isa = XCBuildConfiguration;
			buildSettings = {
				ALWAYS_EMBED_SWIFT_STANDARD_LIBRARIES = YES;
				BUNDLE_LOADER = "$(TEST_HOST)";
				CODE_SIGN_STYLE = Automatic;
				DEVELOPMENT_TEAM = SZ2QZBVTC9;
				INFOPLIST_FILE = TestTableViewTests/Info.plist;
				IPHONEOS_DEPLOYMENT_TARGET = 13.4;
				LD_RUNPATH_SEARCH_PATHS = (
					"$(inherited)",
					"@executable_path/Frameworks",
					"@loader_path/Frameworks",
				);
				PRODUCT_BUNDLE_IDENTIFIER = com.example.zqiuhao.TestTableViewTests;
				PRODUCT_NAME = "$(TARGET_NAME)";
				SWIFT_VERSION = 5.0;
				TARGETED_DEVICE_FAMILY = "1,2";
				TEST_HOST = "$(BUILT_PRODUCTS_DIR)/TestTableView.app/TestTableView";
			};
			name = Debug;
		};
		A27D3DF62448C55C0035EF01 /* Release */ = {
			isa = XCBuildConfiguration;
			buildSettings = {
				ALWAYS_EMBED_SWIFT_STANDARD_LIBRARIES = YES;
				BUNDLE_LOADER = "$(TEST_HOST)";
				CODE_SIGN_STYLE = Automatic;
				DEVELOPMENT_TEAM = SZ2QZBVTC9;
				INFOPLIST_FILE = TestTableViewTests/Info.plist;
				IPHONEOS_DEPLOYMENT_TARGET = 13.4;
				LD_RUNPATH_SEARCH_PATHS = (
					"$(inherited)",
					"@executable_path/Frameworks",
					"@loader_path/Frameworks",
				);
				PRODUCT_BUNDLE_IDENTIFIER = com.example.zqiuhao.TestTableViewTests;
				PRODUCT_NAME = "$(TARGET_NAME)";
				SWIFT_VERSION = 5.0;
				TARGETED_DEVICE_FAMILY = "1,2";
				TEST_HOST = "$(BUILT_PRODUCTS_DIR)/TestTableView.app/TestTableView";
			};
			name = Release;
		};
		A27D3DF82448C55C0035EF01 /* Debug */ = {
			isa = XCBuildConfiguration;
			buildSettings = {
				ALWAYS_EMBED_SWIFT_STANDARD_LIBRARIES = YES;
				CODE_SIGN_STYLE = Automatic;
				DEVELOPMENT_TEAM = SZ2QZBVTC9;
				INFOPLIST_FILE = TestTableViewUITests/Info.plist;
				LD_RUNPATH_SEARCH_PATHS = (
					"$(inherited)",
					"@executable_path/Frameworks",
					"@loader_path/Frameworks",
				);
				PRODUCT_BUNDLE_IDENTIFIER = com.example.zqiuhao.TestTableViewUITests;
				PRODUCT_NAME = "$(TARGET_NAME)";
				SWIFT_VERSION = 5.0;
				TARGETED_DEVICE_FAMILY = "1,2";
				TEST_TARGET_NAME = TestTableView;
			};
			name = Debug;
		};
		A27D3DF92448C55C0035EF01 /* Release */ = {
			isa = XCBuildConfiguration;
			buildSettings = {
				ALWAYS_EMBED_SWIFT_STANDARD_LIBRARIES = YES;
				CODE_SIGN_STYLE = Automatic;
				DEVELOPMENT_TEAM = SZ2QZBVTC9;
				INFOPLIST_FILE = TestTableViewUITests/Info.plist;
				LD_RUNPATH_SEARCH_PATHS = (
					"$(inherited)",
					"@executable_path/Frameworks",
					"@loader_path/Frameworks",
				);
				PRODUCT_BUNDLE_IDENTIFIER = com.example.zqiuhao.TestTableViewUITests;
				PRODUCT_NAME = "$(TARGET_NAME)";
				SWIFT_VERSION = 5.0;
				TARGETED_DEVICE_FAMILY = "1,2";
				TEST_TARGET_NAME = TestTableView;
			};
			name = Release;
		};
/* End XCBuildConfiguration section */

/* Begin XCConfigurationList section */
		A27D3DC22448C5560035EF01 /* Build configuration list for PBXProject "TestTableView" */ = {
			isa = XCConfigurationList;
			buildConfigurations = (
				A27D3DEF2448C55C0035EF01 /* Debug */,
				A27D3DF02448C55C0035EF01 /* Release */,
			);
			defaultConfigurationIsVisible = 0;
			defaultConfigurationName = Release;
		};
		A27D3DF12448C55C0035EF01 /* Build configuration list for PBXNativeTarget "TestTableView" */ = {
			isa = XCConfigurationList;
			buildConfigurations = (
				A27D3DF22448C55C0035EF01 /* Debug */,
				A27D3DF32448C55C0035EF01 /* Release */,
			);
			defaultConfigurationIsVisible = 0;
			defaultConfigurationName = Release;
		};
		A27D3DF42448C55C0035EF01 /* Build configuration list for PBXNativeTarget "TestTableViewTests" */ = {
			isa = XCConfigurationList;
			buildConfigurations = (
				A27D3DF52448C55C0035EF01 /* Debug */,
				A27D3DF62448C55C0035EF01 /* Release */,
			);
			defaultConfigurationIsVisible = 0;
			defaultConfigurationName = Release;
		};
		A27D3DF72448C55C0035EF01 /* Build configuration list for PBXNativeTarget "TestTableViewUITests" */ = {
			isa = XCConfigurationList;
			buildConfigurations = (
				A27D3DF82448C55C0035EF01 /* Debug */,
				A27D3DF92448C55C0035EF01 /* Release */,
			);
			defaultConfigurationIsVisible = 0;
			defaultConfigurationName = Release;
		};
/* End XCConfigurationList section */
	};
	rootObject = A27D3DBF2448C5560035EF01 /* Project object */;
}
